// !$*UTF8*$!
{
	archiveVersion = 1;
	classes = {
	};
	objectVersion = 50;
	objects = {

/* Begin PBXBuildFile section */
		B747321926DD661400591CB0 /* SplashView.swift in Sources */ = {isa = PBXBuildFile; fileRef = B747321826DD661400591CB0 /* SplashView.swift */; };
		B747321B26DD664500591CB0 /* MainMenuView.swift in Sources */ = {isa = PBXBuildFile; fileRef = B747321A26DD664500591CB0 /* MainMenuView.swift */; };
		B74B1A62270396D600BC3FEA /* IngredientTypeEnum.swift in Sources */ = {isa = PBXBuildFile; fileRef = B74B1A61270396D600BC3FEA /* IngredientTypeEnum.swift */; };
		B75052F926DBFE660040887E /* BeeryoApp.swift in Sources */ = {isa = PBXBuildFile; fileRef = B75052F826DBFE660040887E /* BeeryoApp.swift */; };
		B75052FB26DBFE660040887E /* ContentView.swift in Sources */ = {isa = PBXBuildFile; fileRef = B75052FA26DBFE660040887E /* ContentView.swift */; };
		B75052FD26DBFE660040887E /* Assets.xcassets in Resources */ = {isa = PBXBuildFile; fileRef = B75052FC26DBFE660040887E /* Assets.xcassets */; };
		B750530026DBFE660040887E /* Preview Assets.xcassets in Resources */ = {isa = PBXBuildFile; fileRef = B75052FF26DBFE660040887E /* Preview Assets.xcassets */; };
		B750530526DBFE660040887E /* RecipeContainer.xcdatamodeld in Sources */ = {isa = PBXBuildFile; fileRef = B750530326DBFE660040887E /* RecipeContainer.xcdatamodeld */; };
		B750531326DC051D0040887E /* RecipeEditView.swift in Sources */ = {isa = PBXBuildFile; fileRef = B750531226DC051D0040887E /* RecipeEditView.swift */; };
		B7618C7626F2837A000959EC /* PersistenceController.swift in Sources */ = {isa = PBXBuildFile; fileRef = B7618C7526F2837A000959EC /* PersistenceController.swift */; };
		B77ED4CE2702792800229AC5 /* AddIngredientView.swift in Sources */ = {isa = PBXBuildFile; fileRef = B77ED4CD2702792800229AC5 /* AddIngredientView.swift */; };
		B782145326DD887900BE916E /* RecipesView.swift in Sources */ = {isa = PBXBuildFile; fileRef = B782145226DD887900BE916E /* RecipesView.swift */; };
		B7A5E89F270B84A40024C7C4 /* YeastEntity+CoreDataClass.swift in Sources */ = {isa = PBXBuildFile; fileRef = B7A5E88F270B84A40024C7C4 /* YeastEntity+CoreDataClass.swift */; };
		B7A5E8A0270B84A40024C7C4 /* YeastEntity+CoreDataProperties.swift in Sources */ = {isa = PBXBuildFile; fileRef = B7A5E890270B84A40024C7C4 /* YeastEntity+CoreDataProperties.swift */; };
		B7A5E8A1270B84A40024C7C4 /* StepMashingEntity+CoreDataClass.swift in Sources */ = {isa = PBXBuildFile; fileRef = B7A5E891270B84A40024C7C4 /* StepMashingEntity+CoreDataClass.swift */; };
		B7A5E8A2270B84A40024C7C4 /* StepMashingEntity+CoreDataProperties.swift in Sources */ = {isa = PBXBuildFile; fileRef = B7A5E892270B84A40024C7C4 /* StepMashingEntity+CoreDataProperties.swift */; };
		B7A5E8A3270B84A40024C7C4 /* RecipeEntity+CoreDataClass.swift in Sources */ = {isa = PBXBuildFile; fileRef = B7A5E893270B84A40024C7C4 /* RecipeEntity+CoreDataClass.swift */; };
		B7A5E8A4270B84A40024C7C4 /* RecipeEntity+CoreDataProperties.swift in Sources */ = {isa = PBXBuildFile; fileRef = B7A5E894270B84A40024C7C4 /* RecipeEntity+CoreDataProperties.swift */; };
		B7A5E8A5270B84A40024C7C4 /* HopsEntity+CoreDataClass.swift in Sources */ = {isa = PBXBuildFile; fileRef = B7A5E895270B84A40024C7C4 /* HopsEntity+CoreDataClass.swift */; };
		B7A5E8A6270B84A40024C7C4 /* HopsEntity+CoreDataProperties.swift in Sources */ = {isa = PBXBuildFile; fileRef = B7A5E896270B84A40024C7C4 /* HopsEntity+CoreDataProperties.swift */; };
		B7A5E8A7270B84A40024C7C4 /* BoilEntity+CoreDataClass.swift in Sources */ = {isa = PBXBuildFile; fileRef = B7A5E897270B84A40024C7C4 /* BoilEntity+CoreDataClass.swift */; };
		B7A5E8A8270B84A40024C7C4 /* BoilEntity+CoreDataProperties.swift in Sources */ = {isa = PBXBuildFile; fileRef = B7A5E898270B84A40024C7C4 /* BoilEntity+CoreDataProperties.swift */; };
		B7A5E8A9270B84A40024C7C4 /* AdditionEntity+CoreDataClass.swift in Sources */ = {isa = PBXBuildFile; fileRef = B7A5E899270B84A40024C7C4 /* AdditionEntity+CoreDataClass.swift */; };
		B7A5E8AA270B84A40024C7C4 /* AdditionEntity+CoreDataProperties.swift in Sources */ = {isa = PBXBuildFile; fileRef = B7A5E89A270B84A40024C7C4 /* AdditionEntity+CoreDataProperties.swift */; };
		B7A5E8AB270B84A40024C7C4 /* MaltEntity+CoreDataClass.swift in Sources */ = {isa = PBXBuildFile; fileRef = B7A5E89B270B84A40024C7C4 /* MaltEntity+CoreDataClass.swift */; };
		B7A5E8AC270B84A40024C7C4 /* MaltEntity+CoreDataProperties.swift in Sources */ = {isa = PBXBuildFile; fileRef = B7A5E89C270B84A40024C7C4 /* MaltEntity+CoreDataProperties.swift */; };
		B7A5E8AD270B84A40024C7C4 /* StepFermentationEntity+CoreDataClass.swift in Sources */ = {isa = PBXBuildFile; fileRef = B7A5E89D270B84A40024C7C4 /* StepFermentationEntity+CoreDataClass.swift */; };
		B7A5E8AE270B84A40024C7C4 /* StepFermentationEntity+CoreDataProperties.swift in Sources */ = {isa = PBXBuildFile; fileRef = B7A5E89E270B84A40024C7C4 /* StepFermentationEntity+CoreDataProperties.swift */; };
		B7FFFC1A2715C709009C1059 /* Recipe.swift in Sources */ = {isa = PBXBuildFile; fileRef = B7FFFC192715C709009C1059 /* Recipe.swift */; };
/* End PBXBuildFile section */

/* Begin PBXFileReference section */
		B747321826DD661400591CB0 /* SplashView.swift */ = {isa = PBXFileReference; lastKnownFileType = sourcecode.swift; path = SplashView.swift; sourceTree = "<group>"; };
		B747321A26DD664500591CB0 /* MainMenuView.swift */ = {isa = PBXFileReference; lastKnownFileType = sourcecode.swift; path = MainMenuView.swift; sourceTree = "<group>"; };
		B74B1A61270396D600BC3FEA /* IngredientTypeEnum.swift */ = {isa = PBXFileReference; lastKnownFileType = sourcecode.swift; path = IngredientTypeEnum.swift; sourceTree = "<group>"; };
		B75052F526DBFE660040887E /* Beeryo.app */ = {isa = PBXFileReference; explicitFileType = wrapper.application; includeInIndex = 0; path = Beeryo.app; sourceTree = BUILT_PRODUCTS_DIR; };
		B75052F826DBFE660040887E /* BeeryoApp.swift */ = {isa = PBXFileReference; lastKnownFileType = sourcecode.swift; path = BeeryoApp.swift; sourceTree = "<group>"; };
		B75052FA26DBFE660040887E /* ContentView.swift */ = {isa = PBXFileReference; lastKnownFileType = sourcecode.swift; path = ContentView.swift; sourceTree = "<group>"; };
		B75052FC26DBFE660040887E /* Assets.xcassets */ = {isa = PBXFileReference; lastKnownFileType = folder.assetcatalog; path = Assets.xcassets; sourceTree = "<group>"; };
		B75052FF26DBFE660040887E /* Preview Assets.xcassets */ = {isa = PBXFileReference; lastKnownFileType = folder.assetcatalog; path = "Preview Assets.xcassets"; sourceTree = "<group>"; };
		B750530426DBFE660040887E /* Beeryo.xcdatamodel */ = {isa = PBXFileReference; lastKnownFileType = wrapper.xcdatamodel; path = Beeryo.xcdatamodel; sourceTree = "<group>"; };
		B750530626DBFE660040887E /* Info.plist */ = {isa = PBXFileReference; lastKnownFileType = text.plist.xml; path = Info.plist; sourceTree = "<group>"; };
		B750531226DC051D0040887E /* RecipeEditView.swift */ = {isa = PBXFileReference; lastKnownFileType = sourcecode.swift; path = RecipeEditView.swift; sourceTree = "<group>"; };
		B7618C7526F2837A000959EC /* PersistenceController.swift */ = {isa = PBXFileReference; lastKnownFileType = sourcecode.swift; path = PersistenceController.swift; sourceTree = "<group>"; };
		B774D5672702391A00A97F20 /* Beeryo 5.xcdatamodel */ = {isa = PBXFileReference; lastKnownFileType = wrapper.xcdatamodel; path = "Beeryo 5.xcdatamodel"; sourceTree = "<group>"; };
		B7754FA526F3D24D009BD414 /* Beeryo 2.xcdatamodel */ = {isa = PBXFileReference; lastKnownFileType = wrapper.xcdatamodel; path = "Beeryo 2.xcdatamodel"; sourceTree = "<group>"; };
		B77ED4CD2702792800229AC5 /* AddIngredientView.swift */ = {isa = PBXFileReference; lastKnownFileType = sourcecode.swift; path = AddIngredientView.swift; sourceTree = "<group>"; };
		B77EE4EF27012922000B5AF5 /* Beeryo 4.xcdatamodel */ = {isa = PBXFileReference; lastKnownFileType = wrapper.xcdatamodel; path = "Beeryo 4.xcdatamodel"; sourceTree = "<group>"; };
		B77EEDDD26FFD1DF004F0B3D /* Beeryo 3.xcdatamodel */ = {isa = PBXFileReference; lastKnownFileType = wrapper.xcdatamodel; path = "Beeryo 3.xcdatamodel"; sourceTree = "<group>"; };
		B782145226DD887900BE916E /* RecipesView.swift */ = {isa = PBXFileReference; lastKnownFileType = sourcecode.swift; path = RecipesView.swift; sourceTree = "<group>"; };
		B7A5E88F270B84A40024C7C4 /* YeastEntity+CoreDataClass.swift */ = {isa = PBXFileReference; lastKnownFileType = sourcecode.swift; path = "YeastEntity+CoreDataClass.swift"; sourceTree = "<group>"; };
		B7A5E890270B84A40024C7C4 /* YeastEntity+CoreDataProperties.swift */ = {isa = PBXFileReference; lastKnownFileType = sourcecode.swift; path = "YeastEntity+CoreDataProperties.swift"; sourceTree = "<group>"; };
		B7A5E891270B84A40024C7C4 /* StepMashingEntity+CoreDataClass.swift */ = {isa = PBXFileReference; lastKnownFileType = sourcecode.swift; path = "StepMashingEntity+CoreDataClass.swift"; sourceTree = "<group>"; };
		B7A5E892270B84A40024C7C4 /* StepMashingEntity+CoreDataProperties.swift */ = {isa = PBXFileReference; lastKnownFileType = sourcecode.swift; path = "StepMashingEntity+CoreDataProperties.swift"; sourceTree = "<group>"; };
		B7A5E893270B84A40024C7C4 /* RecipeEntity+CoreDataClass.swift */ = {isa = PBXFileReference; lastKnownFileType = sourcecode.swift; path = "RecipeEntity+CoreDataClass.swift"; sourceTree = "<group>"; };
		B7A5E894270B84A40024C7C4 /* RecipeEntity+CoreDataProperties.swift */ = {isa = PBXFileReference; lastKnownFileType = sourcecode.swift; path = "RecipeEntity+CoreDataProperties.swift"; sourceTree = "<group>"; };
		B7A5E895270B84A40024C7C4 /* HopsEntity+CoreDataClass.swift */ = {isa = PBXFileReference; lastKnownFileType = sourcecode.swift; path = "HopsEntity+CoreDataClass.swift"; sourceTree = "<group>"; };
		B7A5E896270B84A40024C7C4 /* HopsEntity+CoreDataProperties.swift */ = {isa = PBXFileReference; lastKnownFileType = sourcecode.swift; path = "HopsEntity+CoreDataProperties.swift"; sourceTree = "<group>"; };
		B7A5E897270B84A40024C7C4 /* BoilEntity+CoreDataClass.swift */ = {isa = PBXFileReference; lastKnownFileType = sourcecode.swift; path = "BoilEntity+CoreDataClass.swift"; sourceTree = "<group>"; };
		B7A5E898270B84A40024C7C4 /* BoilEntity+CoreDataProperties.swift */ = {isa = PBXFileReference; lastKnownFileType = sourcecode.swift; path = "BoilEntity+CoreDataProperties.swift"; sourceTree = "<group>"; };
		B7A5E899270B84A40024C7C4 /* AdditionEntity+CoreDataClass.swift */ = {isa = PBXFileReference; lastKnownFileType = sourcecode.swift; path = "AdditionEntity+CoreDataClass.swift"; sourceTree = "<group>"; };
		B7A5E89A270B84A40024C7C4 /* AdditionEntity+CoreDataProperties.swift */ = {isa = PBXFileReference; lastKnownFileType = sourcecode.swift; path = "AdditionEntity+CoreDataProperties.swift"; sourceTree = "<group>"; };
		B7A5E89B270B84A40024C7C4 /* MaltEntity+CoreDataClass.swift */ = {isa = PBXFileReference; lastKnownFileType = sourcecode.swift; path = "MaltEntity+CoreDataClass.swift"; sourceTree = "<group>"; };
		B7A5E89C270B84A40024C7C4 /* MaltEntity+CoreDataProperties.swift */ = {isa = PBXFileReference; lastKnownFileType = sourcecode.swift; path = "MaltEntity+CoreDataProperties.swift"; sourceTree = "<group>"; };
		B7A5E89D270B84A40024C7C4 /* StepFermentationEntity+CoreDataClass.swift */ = {isa = PBXFileReference; lastKnownFileType = sourcecode.swift; path = "StepFermentationEntity+CoreDataClass.swift"; sourceTree = "<group>"; };
		B7A5E89E270B84A40024C7C4 /* StepFermentationEntity+CoreDataProperties.swift */ = {isa = PBXFileReference; lastKnownFileType = sourcecode.swift; path = "StepFermentationEntity+CoreDataProperties.swift"; sourceTree = "<group>"; };
		B7FFFC192715C709009C1059 /* Recipe.swift */ = {isa = PBXFileReference; lastKnownFileType = sourcecode.swift; path = Recipe.swift; sourceTree = "<group>"; };
		B7FFFC1B2715C8C2009C1059 /* Beeryo 6.xcdatamodel */ = {isa = PBXFileReference; lastKnownFileType = wrapper.xcdatamodel; path = "Beeryo 6.xcdatamodel"; sourceTree = "<group>"; };
/* End PBXFileReference section */

/* Begin PBXFrameworksBuildPhase section */
		B75052F226DBFE660040887E /* Frameworks */ = {
			isa = PBXFrameworksBuildPhase;
			buildActionMask = 2147483647;
			files = (
			);
			runOnlyForDeploymentPostprocessing = 0;
		};
/* End PBXFrameworksBuildPhase section */

/* Begin PBXGroup section */
		B72595C826F1197400C7E0C8 /* CoreData */ = {
			isa = PBXGroup;
			children = (
				B74C682E270E490F00120454 /* Entities */,
				B750530326DBFE660040887E /* RecipeContainer.xcdatamodeld */,
			);
			path = CoreData;
			sourceTree = "<group>";
		};
		B747321E26DD6A2800591CB0 /* Resources */ = {
			isa = PBXGroup;
			children = (
			);
			path = Resources;
			sourceTree = "<group>";
		};
		B74C682E270E490F00120454 /* Entities */ = {
			isa = PBXGroup;
			children = (
				B7A5E88F270B84A40024C7C4 /* YeastEntity+CoreDataClass.swift */,
				B7A5E890270B84A40024C7C4 /* YeastEntity+CoreDataProperties.swift */,
				B7A5E891270B84A40024C7C4 /* StepMashingEntity+CoreDataClass.swift */,
				B7A5E892270B84A40024C7C4 /* StepMashingEntity+CoreDataProperties.swift */,
				B7A5E893270B84A40024C7C4 /* RecipeEntity+CoreDataClass.swift */,
				B7A5E894270B84A40024C7C4 /* RecipeEntity+CoreDataProperties.swift */,
				B7A5E895270B84A40024C7C4 /* HopsEntity+CoreDataClass.swift */,
				B7A5E896270B84A40024C7C4 /* HopsEntity+CoreDataProperties.swift */,
				B7A5E897270B84A40024C7C4 /* BoilEntity+CoreDataClass.swift */,
				B7A5E898270B84A40024C7C4 /* BoilEntity+CoreDataProperties.swift */,
				B7A5E899270B84A40024C7C4 /* AdditionEntity+CoreDataClass.swift */,
				B7A5E89A270B84A40024C7C4 /* AdditionEntity+CoreDataProperties.swift */,
				B7A5E89B270B84A40024C7C4 /* MaltEntity+CoreDataClass.swift */,
				B7A5E89C270B84A40024C7C4 /* MaltEntity+CoreDataProperties.swift */,
				B7A5E89D270B84A40024C7C4 /* StepFermentationEntity+CoreDataClass.swift */,
				B7A5E89E270B84A40024C7C4 /* StepFermentationEntity+CoreDataProperties.swift */,
			);
			path = Entities;
			sourceTree = "<group>";
		};
		B75052EC26DBFE650040887E = {
			isa = PBXGroup;
			children = (
				B75052F726DBFE660040887E /* Beeryo */,
				B75052F626DBFE660040887E /* Products */,
			);
			sourceTree = "<group>";
		};
		B75052F626DBFE660040887E /* Products */ = {
			isa = PBXGroup;
			children = (
				B75052F526DBFE660040887E /* Beeryo.app */,
			);
			name = Products;
			sourceTree = "<group>";
		};
		B75052F726DBFE660040887E /* Beeryo */ = {
			isa = PBXGroup;
			children = (
				B747321E26DD6A2800591CB0 /* Resources */,
				B750531126DC04F50040887E /* Views */,
				B750530C26DBFE750040887E /* Models */,
				B75052F826DBFE660040887E /* BeeryoApp.swift */,
				B75052FC26DBFE660040887E /* Assets.xcassets */,
				B750530626DBFE660040887E /* Info.plist */,
				B75052FE26DBFE660040887E /* Preview Content */,
			);
			path = Beeryo;
			sourceTree = "<group>";
		};
		B75052FE26DBFE660040887E /* Preview Content */ = {
			isa = PBXGroup;
			children = (
				B75052FF26DBFE660040887E /* Preview Assets.xcassets */,
			);
			path = "Preview Content";
			sourceTree = "<group>";
		};
		B750530C26DBFE750040887E /* Models */ = {
			isa = PBXGroup;
			children = (
				B7FFFC182715C6E8009C1059 /* Firebase */,
				B7618C7526F2837A000959EC /* PersistenceController.swift */,
				B74B1A61270396D600BC3FEA /* IngredientTypeEnum.swift */,
				B72595C826F1197400C7E0C8 /* CoreData */,
			);
			path = Models;
			sourceTree = "<group>";
		};
		B750531126DC04F50040887E /* Views */ = {
			isa = PBXGroup;
			children = (
				B75052FA26DBFE660040887E /* ContentView.swift */,
				B747321A26DD664500591CB0 /* MainMenuView.swift */,
				B747321826DD661400591CB0 /* SplashView.swift */,
				B750531226DC051D0040887E /* RecipeEditView.swift */,
				B782145226DD887900BE916E /* RecipesView.swift */,
				B77ED4CD2702792800229AC5 /* AddIngredientView.swift */,
			);
			path = Views;
			sourceTree = "<group>";
		};
		B7FFFC182715C6E8009C1059 /* Firebase */ = {
			isa = PBXGroup;
			children = (
				B7FFFC192715C709009C1059 /* Recipe.swift */,
			);
			path = Firebase;
			sourceTree = "<group>";
		};
/* End PBXGroup section */

/* Begin PBXNativeTarget section */
		B75052F426DBFE660040887E /* Beeryo */ = {
			isa = PBXNativeTarget;
			buildConfigurationList = B750530926DBFE660040887E /* Build configuration list for PBXNativeTarget "Beeryo" */;
			buildPhases = (
				B75052F126DBFE660040887E /* Sources */,
				B75052F226DBFE660040887E /* Frameworks */,
				B75052F326DBFE660040887E /* Resources */,
			);
			buildRules = (
			);
			dependencies = (
			);
			name = Beeryo;
			productName = Beeryo;
			productReference = B75052F526DBFE660040887E /* Beeryo.app */;
			productType = "com.apple.product-type.application";
		};
/* End PBXNativeTarget section */

/* Begin PBXProject section */
		B75052ED26DBFE650040887E /* Project object */ = {
			isa = PBXProject;
			attributes = {
				LastSwiftUpdateCheck = 1250;
				LastUpgradeCheck = 1250;
				TargetAttributes = {
					B75052F426DBFE660040887E = {
						CreatedOnToolsVersion = 12.5.1;
					};
				};
			};
			buildConfigurationList = B75052F026DBFE650040887E /* Build configuration list for PBXProject "Beeryo" */;
			compatibilityVersion = "Xcode 9.3";
			developmentRegion = en;
			hasScannedForEncodings = 0;
			knownRegions = (
				en,
				Base,
			);
			mainGroup = B75052EC26DBFE650040887E;
			productRefGroup = B75052F626DBFE660040887E /* Products */;
			projectDirPath = "";
			projectRoot = "";
			targets = (
				B75052F426DBFE660040887E /* Beeryo */,
			);
		};
/* End PBXProject section */

/* Begin PBXResourcesBuildPhase section */
		B75052F326DBFE660040887E /* Resources */ = {
			isa = PBXResourcesBuildPhase;
			buildActionMask = 2147483647;
			files = (
				B750530026DBFE660040887E /* Preview Assets.xcassets in Resources */,
				B75052FD26DBFE660040887E /* Assets.xcassets in Resources */,
			);
			runOnlyForDeploymentPostprocessing = 0;
		};
/* End PBXResourcesBuildPhase section */

/* Begin PBXSourcesBuildPhase section */
		B75052F126DBFE660040887E /* Sources */ = {
			isa = PBXSourcesBuildPhase;
			buildActionMask = 2147483647;
			files = (
				B7A5E8A8270B84A40024C7C4 /* BoilEntity+CoreDataProperties.swift in Sources */,
				B7A5E8AB270B84A40024C7C4 /* MaltEntity+CoreDataClass.swift in Sources */,
				B7A5E8A4270B84A40024C7C4 /* RecipeEntity+CoreDataProperties.swift in Sources */,
				B7A5E8A2270B84A40024C7C4 /* StepMashingEntity+CoreDataProperties.swift in Sources */,
				B7A5E8AE270B84A40024C7C4 /* StepFermentationEntity+CoreDataProperties.swift in Sources */,
				B7A5E8AC270B84A40024C7C4 /* MaltEntity+CoreDataProperties.swift in Sources */,
				B77ED4CE2702792800229AC5 /* AddIngredientView.swift in Sources */,
				B750531326DC051D0040887E /* RecipeEditView.swift in Sources */,
				B747321B26DD664500591CB0 /* MainMenuView.swift in Sources */,
				B747321926DD661400591CB0 /* SplashView.swift in Sources */,
				B7A5E8A9270B84A40024C7C4 /* AdditionEntity+CoreDataClass.swift in Sources */,
				B7A5E8AD270B84A40024C7C4 /* StepFermentationEntity+CoreDataClass.swift in Sources */,
				B7A5E8A6270B84A40024C7C4 /* HopsEntity+CoreDataProperties.swift in Sources */,
				B750530526DBFE660040887E /* RecipeContainer.xcdatamodeld in Sources */,
				B75052FB26DBFE660040887E /* ContentView.swift in Sources */,
				B782145326DD887900BE916E /* RecipesView.swift in Sources */,
				B7A5E8AA270B84A40024C7C4 /* AdditionEntity+CoreDataProperties.swift in Sources */,
				B7A5E8A3270B84A40024C7C4 /* RecipeEntity+CoreDataClass.swift in Sources */,
				B7618C7626F2837A000959EC /* PersistenceController.swift in Sources */,
				B74B1A62270396D600BC3FEA /* IngredientTypeEnum.swift in Sources */,
				B7A5E8A5270B84A40024C7C4 /* HopsEntity+CoreDataClass.swift in Sources */,
				B7A5E89F270B84A40024C7C4 /* YeastEntity+CoreDataClass.swift in Sources */,
				B7A5E8A7270B84A40024C7C4 /* BoilEntity+CoreDataClass.swift in Sources */,
				B7A5E8A1270B84A40024C7C4 /* StepMashingEntity+CoreDataClass.swift in Sources */,
				B7FFFC1A2715C709009C1059 /* Recipe.swift in Sources */,
				B75052F926DBFE660040887E /* BeeryoApp.swift in Sources */,
				B7A5E8A0270B84A40024C7C4 /* YeastEntity+CoreDataProperties.swift in Sources */,
			);
			runOnlyForDeploymentPostprocessing = 0;
		};
/* End PBXSourcesBuildPhase section */

/* Begin XCBuildConfiguration section */
		B750530726DBFE660040887E /* Debug */ = {
			isa = XCBuildConfiguration;
			buildSettings = {
				ALWAYS_SEARCH_USER_PATHS = NO;
				CLANG_ANALYZER_NONNULL = YES;
				CLANG_ANALYZER_NUMBER_OBJECT_CONVERSION = YES_AGGRESSIVE;
				CLANG_CXX_LANGUAGE_STANDARD = "gnu++14";
				CLANG_CXX_LIBRARY = "libc++";
				CLANG_ENABLE_MODULES = YES;
				CLANG_ENABLE_OBJC_ARC = YES;
				CLANG_ENABLE_OBJC_WEAK = YES;
				CLANG_WARN_BLOCK_CAPTURE_AUTORELEASING = YES;
				CLANG_WARN_BOOL_CONVERSION = YES;
				CLANG_WARN_COMMA = YES;
				CLANG_WARN_CONSTANT_CONVERSION = YES;
				CLANG_WARN_DEPRECATED_OBJC_IMPLEMENTATIONS = YES;
				CLANG_WARN_DIRECT_OBJC_ISA_USAGE = YES_ERROR;
				CLANG_WARN_DOCUMENTATION_COMMENTS = YES;
				CLANG_WARN_EMPTY_BODY = YES;
				CLANG_WARN_ENUM_CONVERSION = YES;
				CLANG_WARN_INFINITE_RECURSION = YES;
				CLANG_WARN_INT_CONVERSION = YES;
				CLANG_WARN_NON_LITERAL_NULL_CONVERSION = YES;
				CLANG_WARN_OBJC_IMPLICIT_RETAIN_SELF = YES;
				CLANG_WARN_OBJC_LITERAL_CONVERSION = YES;
				CLANG_WARN_OBJC_ROOT_CLASS = YES_ERROR;
				CLANG_WARN_QUOTED_INCLUDE_IN_FRAMEWORK_HEADER = YES;
				CLANG_WARN_RANGE_LOOP_ANALYSIS = YES;
				CLANG_WARN_STRICT_PROTOTYPES = YES;
				CLANG_WARN_SUSPICIOUS_MOVE = YES;
				CLANG_WARN_UNGUARDED_AVAILABILITY = YES_AGGRESSIVE;
				CLANG_WARN_UNREACHABLE_CODE = YES;
				CLANG_WARN__DUPLICATE_METHOD_MATCH = YES;
				COPY_PHASE_STRIP = NO;
				DEBUG_INFORMATION_FORMAT = dwarf;
				ENABLE_STRICT_OBJC_MSGSEND = YES;
				ENABLE_TESTABILITY = YES;
				GCC_C_LANGUAGE_STANDARD = gnu11;
				GCC_DYNAMIC_NO_PIC = NO;
				GCC_NO_COMMON_BLOCKS = YES;
				GCC_OPTIMIZATION_LEVEL = 0;
				GCC_PREPROCESSOR_DEFINITIONS = (
					"DEBUG=1",
					"$(inherited)",
				);
				GCC_WARN_64_TO_32_BIT_CONVERSION = YES;
				GCC_WARN_ABOUT_RETURN_TYPE = YES_ERROR;
				GCC_WARN_UNDECLARED_SELECTOR = YES;
				GCC_WARN_UNINITIALIZED_AUTOS = YES_AGGRESSIVE;
				GCC_WARN_UNUSED_FUNCTION = YES;
				GCC_WARN_UNUSED_VARIABLE = YES;
				IPHONEOS_DEPLOYMENT_TARGET = 14.5;
				MTL_ENABLE_DEBUG_INFO = INCLUDE_SOURCE;
				MTL_FAST_MATH = YES;
				ONLY_ACTIVE_ARCH = YES;
				SDKROOT = iphoneos;
				SWIFT_ACTIVE_COMPILATION_CONDITIONS = DEBUG;
				SWIFT_OPTIMIZATION_LEVEL = "-Onone";
			};
			name = Debug;
		};
		B750530826DBFE660040887E /* Release */ = {
			isa = XCBuildConfiguration;
			buildSettings = {
				ALWAYS_SEARCH_USER_PATHS = NO;
				CLANG_ANALYZER_NONNULL = YES;
				CLANG_ANALYZER_NUMBER_OBJECT_CONVERSION = YES_AGGRESSIVE;
				CLANG_CXX_LANGUAGE_STANDARD = "gnu++14";
				CLANG_CXX_LIBRARY = "libc++";
				CLANG_ENABLE_MODULES = YES;
				CLANG_ENABLE_OBJC_ARC = YES;
				CLANG_ENABLE_OBJC_WEAK = YES;
				CLANG_WARN_BLOCK_CAPTURE_AUTORELEASING = YES;
				CLANG_WARN_BOOL_CONVERSION = YES;
				CLANG_WARN_COMMA = YES;
				CLANG_WARN_CONSTANT_CONVERSION = YES;
				CLANG_WARN_DEPRECATED_OBJC_IMPLEMENTATIONS = YES;
				CLANG_WARN_DIRECT_OBJC_ISA_USAGE = YES_ERROR;
				CLANG_WARN_DOCUMENTATION_COMMENTS = YES;
				CLANG_WARN_EMPTY_BODY = YES;
				CLANG_WARN_ENUM_CONVERSION = YES;
				CLANG_WARN_INFINITE_RECURSION = YES;
				CLANG_WARN_INT_CONVERSION = YES;
				CLANG_WARN_NON_LITERAL_NULL_CONVERSION = YES;
				CLANG_WARN_OBJC_IMPLICIT_RETAIN_SELF = YES;
				CLANG_WARN_OBJC_LITERAL_CONVERSION = YES;
				CLANG_WARN_OBJC_ROOT_CLASS = YES_ERROR;
				CLANG_WARN_QUOTED_INCLUDE_IN_FRAMEWORK_HEADER = YES;
				CLANG_WARN_RANGE_LOOP_ANALYSIS = YES;
				CLANG_WARN_STRICT_PROTOTYPES = YES;
				CLANG_WARN_SUSPICIOUS_MOVE = YES;
				CLANG_WARN_UNGUARDED_AVAILABILITY = YES_AGGRESSIVE;
				CLANG_WARN_UNREACHABLE_CODE = YES;
				CLANG_WARN__DUPLICATE_METHOD_MATCH = YES;
				COPY_PHASE_STRIP = NO;
				DEBUG_INFORMATION_FORMAT = "dwarf-with-dsym";
				ENABLE_NS_ASSERTIONS = NO;
				ENABLE_STRICT_OBJC_MSGSEND = YES;
				GCC_C_LANGUAGE_STANDARD = gnu11;
				GCC_NO_COMMON_BLOCKS = YES;
				GCC_WARN_64_TO_32_BIT_CONVERSION = YES;
				GCC_WARN_ABOUT_RETURN_TYPE = YES_ERROR;
				GCC_WARN_UNDECLARED_SELECTOR = YES;
				GCC_WARN_UNINITIALIZED_AUTOS = YES_AGGRESSIVE;
				GCC_WARN_UNUSED_FUNCTION = YES;
				GCC_WARN_UNUSED_VARIABLE = YES;
				IPHONEOS_DEPLOYMENT_TARGET = 14.5;
				MTL_ENABLE_DEBUG_INFO = NO;
				MTL_FAST_MATH = YES;
				SDKROOT = iphoneos;
				SWIFT_COMPILATION_MODE = wholemodule;
				SWIFT_OPTIMIZATION_LEVEL = "-O";
				VALIDATE_PRODUCT = YES;
			};
			name = Release;
		};
		B750530A26DBFE660040887E /* Debug */ = {
			isa = XCBuildConfiguration;
			buildSettings = {
				ASSETCATALOG_COMPILER_APPICON_NAME = AppIcon;
				ASSETCATALOG_COMPILER_GLOBAL_ACCENT_COLOR_NAME = AccentColor;
				CODE_SIGN_STYLE = Automatic;
				DEVELOPMENT_ASSET_PATHS = "\"Beeryo/Preview Content\"";
				DEVELOPMENT_TEAM = 4K8Q9MNTA7;
				ENABLE_PREVIEWS = YES;
				INFOPLIST_FILE = Beeryo/Info.plist;
				IPHONEOS_DEPLOYMENT_TARGET = 14.0;
				LD_RUNPATH_SEARCH_PATHS = (
					"$(inherited)",
					"@executable_path/Frameworks",
				);
				PRODUCT_BUNDLE_IDENTIFIER = com.beeryo.Beeryo;
				PRODUCT_NAME = "$(TARGET_NAME)";
				SWIFT_VERSION = 5.0;
				TARGETED_DEVICE_FAMILY = "1,2";
			};
			name = Debug;
		};
		B750530B26DBFE660040887E /* Release */ = {
			isa = XCBuildConfiguration;
			buildSettings = {
				ASSETCATALOG_COMPILER_APPICON_NAME = AppIcon;
				ASSETCATALOG_COMPILER_GLOBAL_ACCENT_COLOR_NAME = AccentColor;
				CODE_SIGN_STYLE = Automatic;
				DEVELOPMENT_ASSET_PATHS = "\"Beeryo/Preview Content\"";
				DEVELOPMENT_TEAM = 4K8Q9MNTA7;
				ENABLE_PREVIEWS = YES;
				INFOPLIST_FILE = Beeryo/Info.plist;
				IPHONEOS_DEPLOYMENT_TARGET = 14.0;
				LD_RUNPATH_SEARCH_PATHS = (
					"$(inherited)",
					"@executable_path/Frameworks",
				);
				PRODUCT_BUNDLE_IDENTIFIER = com.beeryo.Beeryo;
				PRODUCT_NAME = "$(TARGET_NAME)";
				SWIFT_VERSION = 5.0;
				TARGETED_DEVICE_FAMILY = "1,2";
			};
			name = Release;
		};
/* End XCBuildConfiguration section */

/* Begin XCConfigurationList section */
		B75052F026DBFE650040887E /* Build configuration list for PBXProject "Beeryo" */ = {
			isa = XCConfigurationList;
			buildConfigurations = (
				B750530726DBFE660040887E /* Debug */,
				B750530826DBFE660040887E /* Release */,
			);
			defaultConfigurationIsVisible = 0;
			defaultConfigurationName = Release;
		};
		B750530926DBFE660040887E /* Build configuration list for PBXNativeTarget "Beeryo" */ = {
			isa = XCConfigurationList;
			buildConfigurations = (
				B750530A26DBFE660040887E /* Debug */,
				B750530B26DBFE660040887E /* Release */,
			);
			defaultConfigurationIsVisible = 0;
			defaultConfigurationName = Release;
		};
/* End XCConfigurationList section */

/* Begin XCVersionGroup section */
		B750530326DBFE660040887E /* RecipeContainer.xcdatamodeld */ = {
			isa = XCVersionGroup;
			children = (
				B7FFFC1B2715C8C2009C1059 /* Beeryo 6.xcdatamodel */,
				B774D5672702391A00A97F20 /* Beeryo 5.xcdatamodel */,
				B77EE4EF27012922000B5AF5 /* Beeryo 4.xcdatamodel */,
				B77EEDDD26FFD1DF004F0B3D /* Beeryo 3.xcdatamodel */,
				B7754FA526F3D24D009BD414 /* Beeryo 2.xcdatamodel */,
				B750530426DBFE660040887E /* Beeryo.xcdatamodel */,
			);
			currentVersion = B774D5672702391A00A97F20 /* Beeryo 5.xcdatamodel */;
			path = RecipeContainer.xcdatamodeld;
			sourceTree = "<group>";
			versionGroupType = wrapper.xcdatamodel;
		};
/* End XCVersionGroup section */
	};
	rootObject = B75052ED26DBFE650040887E /* Project object */;
}
